
Microsoft Visual Studio Solution File, Format Version 12.00
# Visual Studio 15
VisualStudioVersion = 15.0.27705.0
MinimumVisualStudioVersion = 10.0.40219.1
Project("{9A19103F-16F7-4668-BE54-9A1E7A4F7556}") = "IdentityServer", "IdentityServer\IdentityServer.csproj", "{3DB36D6E-BCF9-4C96-8CE5-0C944E9DEF15}"
EndProject
Project("{9A19103F-16F7-4668-BE54-9A1E7A4F7556}") = "Service", "Service\Service.csproj", "{2B58F4DE-9617-49A4-AC1F-743D4230C5D0}"
EndProject
Project("{9A19103F-16F7-4668-BE54-9A1E7A4F7556}") = "Article.Domain", "Article.Domain\Article.Domain.csproj", "{383F7DE6-F5CA-4EF5-AC22-49B32C0F2EE4}"
EndProject
Project("{9A19103F-16F7-4668-BE54-9A1E7A4F7556}") = "Article.Services", "Article.Services\Article.Services.csproj", "{D993EAB2-6543-479C-BF70-3F68A9D6309D}"
EndProject
Project("{FAE04EC0-301F-11D3-BF4B-00C04F79EFBC}") = "Artikel.UnitTests", "Artikel.Tests\Artikel.UnitTests.csproj", "{3F352720-D0C6-49CF-A1C0-54D964370FD1}"
EndProject
Project("{FAE04EC0-301F-11D3-BF4B-00C04F79EFBC}") = "Domain.Abstractions", "Domain.Abstractions\Domain.Abstractions.csproj", "{F666873D-5BD1-4614-B7C6-F0E434031330}"
EndProject
Project("{FAE04EC0-301F-11D3-BF4B-00C04F79EFBC}") = "Domain.Services", "Domain.Services\Domain.Services.csproj", "{F33B746E-AB03-4677-BC11-F6844B4ADD9F}"
EndProject
Global
	GlobalSection(SolutionConfigurationPlatforms) = preSolution
		Debug|Any CPU = Debug|Any CPU
		Release|Any CPU = Release|Any CPU
	EndGlobalSection
	GlobalSection(ProjectConfigurationPlatforms) = postSolution
		{3DB36D6E-BCF9-4C96-8CE5-0C944E9DEF15}.Debug|Any CPU.ActiveCfg = Debug|Any CPU
		{3DB36D6E-BCF9-4C96-8CE5-0C944E9DEF15}.Debug|Any CPU.Build.0 = Debug|Any CPU
		{3DB36D6E-BCF9-4C96-8CE5-0C944E9DEF15}.Release|Any CPU.ActiveCfg = Release|Any CPU
		{3DB36D6E-BCF9-4C96-8CE5-0C944E9DEF15}.Release|Any CPU.Build.0 = Release|Any CPU
		{2B58F4DE-9617-49A4-AC1F-743D4230C5D0}.Debug|Any CPU.ActiveCfg = Debug|Any CPU
		{2B58F4DE-9617-49A4-AC1F-743D4230C5D0}.Debug|Any CPU.Build.0 = Debug|Any CPU
		{2B58F4DE-9617-49A4-AC1F-743D4230C5D0}.Release|Any CPU.ActiveCfg = Release|Any CPU
		{2B58F4DE-9617-49A4-AC1F-743D4230C5D0}.Release|Any CPU.Build.0 = Release|Any CPU
		{383F7DE6-F5CA-4EF5-AC22-49B32C0F2EE4}.Debug|Any CPU.ActiveCfg = Debug|Any CPU
		{383F7DE6-F5CA-4EF5-AC22-49B32C0F2EE4}.Debug|Any CPU.Build.0 = Debug|Any CPU
		{383F7DE6-F5CA-4EF5-AC22-49B32C0F2EE4}.Release|Any CPU.ActiveCfg = Release|Any CPU
		{383F7DE6-F5CA-4EF5-AC22-49B32C0F2EE4}.Release|Any CPU.Build.0 = Release|Any CPU
		{D993EAB2-6543-479C-BF70-3F68A9D6309D}.Debug|Any CPU.ActiveCfg = Debug|Any CPU
		{D993EAB2-6543-479C-BF70-3F68A9D6309D}.Debug|Any CPU.Build.0 = Debug|Any CPU
		{D993EAB2-6543-479C-BF70-3F68A9D6309D}.Release|Any CPU.ActiveCfg = Release|Any CPU
		{D993EAB2-6543-479C-BF70-3F68A9D6309D}.Release|Any CPU.Build.0 = Release|Any CPU
		{3F352720-D0C6-49CF-A1C0-54D964370FD1}.Debug|Any CPU.ActiveCfg = Debug|Any CPU
		{3F352720-D0C6-49CF-A1C0-54D964370FD1}.Debug|Any CPU.Build.0 = Debug|Any CPU
		{3F352720-D0C6-49CF-A1C0-54D964370FD1}.Release|Any CPU.ActiveCfg = Release|Any CPU
		{3F352720-D0C6-49CF-A1C0-54D964370FD1}.Release|Any CPU.Build.0 = Release|Any CPU
		{F666873D-5BD1-4614-B7C6-F0E434031330}.Debug|Any CPU.ActiveCfg = Debug|Any CPU
		{F666873D-5BD1-4614-B7C6-F0E434031330}.Debug|Any CPU.Build.0 = Debug|Any CPU
		{F666873D-5BD1-4614-B7C6-F0E434031330}.Release|Any CPU.ActiveCfg = Release|Any CPU
		{F666873D-5BD1-4614-B7C6-F0E434031330}.Release|Any CPU.Build.0 = Release|Any CPU
		{F33B746E-AB03-4677-BC11-F6844B4ADD9F}.Debug|Any CPU.ActiveCfg = Debug|Any CPU
		{F33B746E-AB03-4677-BC11-F6844B4ADD9F}.Debug|Any CPU.Build.0 = Debug|Any CPU
		{F33B746E-AB03-4677-BC11-F6844B4ADD9F}.Release|Any CPU.ActiveCfg = Release|Any CPU
		{F33B746E-AB03-4677-BC11-F6844B4ADD9F}.Release|Any CPU.Build.0 = Release|Any CPU
	EndGlobalSection
	GlobalSection(SolutionProperties) = preSolution
		HideSolutionNode = FALSE
	EndGlobalSection
	GlobalSection(ExtensibilityGlobals) = postSolution
		SolutionGuid = {5BF94440-7A5A-45AC-B2FD-2C710C895C0E}
	EndGlobalSection
EndGlobal
